{
  "name": "hello-express",
  "version": "0.0.1",
  "lockfileVersion": 1,
  "requires": true,
  "dependencies": {
    "dateformat": {
      "version": "3.0.3",
      "resolved": "https://registry.npmjs.org/dateformat/-/dateformat-3.0.3.tgz",
      "integrity": "sha512-jyCETtSl3VMZMWeRo7iY1FL19ges1t55hMo5yaam4Jrsm5EPL89UQkoQRyiI+Yf4k8r2ZpdngkV8hr1lIdjb3Q=="
    },
    "discord-anti-spam-tr": {
      "version": "0.7.4",
      "resolved": "https://registry.npmjs.org/discord-anti-spam-tr/-/discord-anti-spam-tr-0.7.4.tgz",
      "integrity": "sha512-LSk5KjdP0FVWH1Usx5tABMEYTsWivWeR/WxUklEKaPYNXKgbytMbwEd2T6ZB5fJEGwzMZedz4SccIGWUJNWJnw=="
    }
  }
}
